
Microsoft Visual Studio Solution File, Format Version 11.00
# Visual Studio 2010
Project("{FAE04EC0-301F-11D3-BF4B-00C04F79EFBC}") = "XnaHotWire", "XnaHotWire\XnaHotWire\XnaHotWire.csproj", "{9DB25650-4CD8-45AC-9B21-E2DF87ADCDF1}"
EndProject
Project("{96E2B04D-8817-42C6-938A-82C39BA4D311}") = "XnaHotWireContent", "XnaHotWire\XnaHotWireContent\XnaHotWireContent.contentproj", "{3AFC968F-141D-4661-9B1E-6708184953FC}"
EndProject
Global
	GlobalSection(SolutionConfigurationPlatforms) = preSolution
		Debug|x86 = Debug|x86
		Release|x86 = Release|x86
	EndGlobalSection
	GlobalSection(ProjectConfigurationPlatforms) = postSolution
		{9DB25650-4CD8-45AC-9B21-E2DF87ADCDF1}.Debug|x86.ActiveCfg = Debug|x86
		{9DB25650-4CD8-45AC-9B21-E2DF87ADCDF1}.Debug|x86.Build.0 = Debug|x86
		{9DB25650-4CD8-45AC-9B21-E2DF87ADCDF1}.Release|x86.ActiveCfg = Release|x86
		{9DB25650-4CD8-45AC-9B21-E2DF87ADCDF1}.Release|x86.Build.0 = Release|x86
		{3AFC968F-141D-4661-9B1E-6708184953FC}.Debug|x86.ActiveCfg = Debug|x86
		{3AFC968F-141D-4661-9B1E-6708184953FC}.Release|x86.ActiveCfg = Release|x86
	EndGlobalSection
	GlobalSection(SolutionProperties) = preSolution
		HideSolutionNode = FALSE
	EndGlobalSection
EndGlobal
